lockfileVersion: '6.0'

dependencies:
  '@airbridge/ui-react-components':
    specifier: workspace:../components
    version: link:../components
  '@airport/server':
    specifier: workspace:../../../../AIRport/platforms/server
    version: link:../../../../AIRport/platforms/server
  '@airport/sqljs':
    specifier: workspace:../../../../AIRport/databases/sqljs
    version: link:../../../../AIRport/databases/sqljs
  '@airport/web-terminal':
    specifier: workspace:../../../../AIRport/platforms/web-terminal
    version: link:../../../../AIRport/platforms/web-terminal
  '@capacitor/app':
    specifier: workspace:../../../../node_modules/@capacitor/app
    version: link:../../../../node_modules/@capacitor/app
  '@capacitor/core':
    specifier: workspace:../../../../node_modules/@capacitor/core
    version: link:../../../../node_modules/@capacitor/core
  '@capacitor/haptics':
    specifier: workspace:../../../../node_modules/@capacitor/haptics
    version: link:../../../../node_modules/@capacitor/haptics
  '@capacitor/keyboard':
    specifier: workspace:../../../../node_modules/@capacitor/keyboard
    version: link:../../../../node_modules/@capacitor/keyboard
  '@capacitor/status-bar':
    specifier: workspace:../../../../node_modules/@capacitor/status-bar
    version: link:../../../../node_modules/@capacitor/status-bar
  '@ionic/react':
    specifier: workspace:../../../../node_modules/@ionic/react
    version: link:../../../../node_modules/@ionic/react
  '@ionic/react-router':
    specifier: workspace:../../../../node_modules/@ionic/react-router
    version: link:../../../../node_modules/@ionic/react-router
  '@types/react-router':
    specifier: workspace:../../../../node_modules/@types/react-router
    version: link:../../../../node_modules/@types/react-router
  '@types/react-router-dom':
    specifier: workspace:../../../../node_modules/@types/react-router-dom
    version: link:../../../../node_modules/@types/react-router-dom
  ionicons:
    specifier: workspace:../../../../node_modules/ionicons
    version: link:../../../../node_modules/ionicons
  react:
    specifier: workspace:../../../../node_modules/react
    version: link:../../../../node_modules/react
  react-dom:
    specifier: workspace:../../../../node_modules/react-dom
    version: link:../../../../node_modules/react-dom
  react-router:
    specifier: workspace:../../../../node_modules/react-router
    version: link:../../../../node_modules/react-router
  react-router-dom:
    specifier: workspace:../../../../node_modules/react-router-dom
    version: link:../../../../node_modules/react-router-dom

devDependencies:
  '@capacitor/cli':
    specifier: workspace:../../../../node_modules/@capacitor/cli
    version: link:../../../../node_modules/@capacitor/cli
  '@testing-library/jest-dom':
    specifier: workspace:../../../../node_modules/@testing-library/jest-dom
    version: link:../../../../node_modules/@testing-library/jest-dom
  '@testing-library/react':
    specifier: workspace:../../../../node_modules/@testing-library/react
    version: link:../../../../node_modules/@testing-library/react
  '@testing-library/user-event':
    specifier: workspace:../../../../node_modules/@testing-library/user-event
    version: link:../../../../node_modules/@testing-library/user-event
  '@types/react':
    specifier: workspace:../../../../node_modules/@types/react
    version: link:../../../../node_modules/@types/react
  '@types/react-dom':
    specifier: workspace:../../../../node_modules/@types/react-dom
    version: link:../../../../node_modules/@types/react-dom
  '@vitejs/plugin-legacy':
    specifier: workspace:../../../../node_modules/@vitejs/plugin-legacy
    version: link:../../../../node_modules/@vitejs/plugin-legacy
  '@vitejs/plugin-react':
    specifier: workspace:../../../../node_modules/@vitejs/plugin-react
    version: link:../../../../node_modules/@vitejs/plugin-react
  cypress:
    specifier: workspace:../../../../node_modules/cypress
    version: link:../../../../node_modules/cypress
  eslint:
    specifier: workspace:../../../../node_modules/eslint
    version: link:../../../../node_modules/eslint
  eslint-plugin-react:
    specifier: workspace:../../../../node_modules/eslint-plugin-react
    version: link:../../../../node_modules/eslint-plugin-react
  jsdom:
    specifier: workspace:../../../../node_modules/jsdom
    version: link:../../../../node_modules/jsdom
  sql.js:
    specifier: ../../../../node_modules/sql.js
    version: link:../../../../node_modules/sql.js
  typescript:
    specifier: workspace:../../../../node_modules/typescript
    version: link:../../../../node_modules/typescript
  vite:
    specifier: workspace:../../../../node_modules/vite
    version: link:../../../../node_modules/vite
  vite-plugin-mkcert:
    specifier: workspace:../../../../node_modules/vite-plugin-mkcert
    version: link:../../../../node_modules/vite-plugin-mkcert
  vitest:
    specifier: workspace:../../../../node_modules/vitest
    version: link:../../../../node_modules/vitest
